
Microsoft Visual Studio Solution File, Format Version 12.00
# Visual Studio Version 17
VisualStudioVersion = 17.11.35208.52
MinimumVisualStudioVersion = 10.0.40219.1
Project("{9A19103F-16F7-4668-BE54-9A1E7A4F7556}") = "Analytics.Aggregator", "Analytics.Aggregator\Analytics.Aggregator.csproj", "{2182A264-BABF-4522-88BA-0E2821F3D167}"
EndProject
Project("{9A19103F-16F7-4668-BE54-9A1E7A4F7556}") = "Analytics.DTO", "Analytics.DTO\Analytics.DTO.csproj", "{8370A0A9-7057-41F0-B0A5-266ACF7A3EC4}"
EndProject
Project("{9A19103F-16F7-4668-BE54-9A1E7A4F7556}") = "Analytics.Handler", "Analytics.Handler\Analytics.Handler.csproj", "{612CAEE8-C824-4D1A-AE25-F94DB29FE5D0}"
EndProject
Project("{9A19103F-16F7-4668-BE54-9A1E7A4F7556}") = "Analytics.Repository", "Analytics.Repository\Analytics.Repository.csproj", "{24211952-8066-4FEE-BF05-621E6A61573F}"
EndProject
Project("{FAE04EC0-301F-11D3-BF4B-00C04F79EFBC}") = "AnalyticsReport", "AnalyticsReport\AnalyticsReport.csproj", "{A8BD9B5A-9393-474C-8B8F-07EAD53882E7}"
EndProject
Global
	GlobalSection(SolutionConfigurationPlatforms) = preSolution
		Debug|Any CPU = Debug|Any CPU
		Release|Any CPU = Release|Any CPU
	EndGlobalSection
	GlobalSection(ProjectConfigurationPlatforms) = postSolution
		{2182A264-BABF-4522-88BA-0E2821F3D167}.Debug|Any CPU.ActiveCfg = Debug|Any CPU
		{2182A264-BABF-4522-88BA-0E2821F3D167}.Debug|Any CPU.Build.0 = Debug|Any CPU
		{2182A264-BABF-4522-88BA-0E2821F3D167}.Release|Any CPU.ActiveCfg = Release|Any CPU
		{2182A264-BABF-4522-88BA-0E2821F3D167}.Release|Any CPU.Build.0 = Release|Any CPU
		{8370A0A9-7057-41F0-B0A5-266ACF7A3EC4}.Debug|Any CPU.ActiveCfg = Debug|Any CPU
		{8370A0A9-7057-41F0-B0A5-266ACF7A3EC4}.Debug|Any CPU.Build.0 = Debug|Any CPU
		{8370A0A9-7057-41F0-B0A5-266ACF7A3EC4}.Release|Any CPU.ActiveCfg = Release|Any CPU
		{8370A0A9-7057-41F0-B0A5-266ACF7A3EC4}.Release|Any CPU.Build.0 = Release|Any CPU
		{612CAEE8-C824-4D1A-AE25-F94DB29FE5D0}.Debug|Any CPU.ActiveCfg = Debug|Any CPU
		{612CAEE8-C824-4D1A-AE25-F94DB29FE5D0}.Debug|Any CPU.Build.0 = Debug|Any CPU
		{612CAEE8-C824-4D1A-AE25-F94DB29FE5D0}.Release|Any CPU.ActiveCfg = Release|Any CPU
		{612CAEE8-C824-4D1A-AE25-F94DB29FE5D0}.Release|Any CPU.Build.0 = Release|Any CPU
		{24211952-8066-4FEE-BF05-621E6A61573F}.Debug|Any CPU.ActiveCfg = Debug|Any CPU
		{24211952-8066-4FEE-BF05-621E6A61573F}.Debug|Any CPU.Build.0 = Debug|Any CPU
		{24211952-8066-4FEE-BF05-621E6A61573F}.Release|Any CPU.ActiveCfg = Release|Any CPU
		{24211952-8066-4FEE-BF05-621E6A61573F}.Release|Any CPU.Build.0 = Release|Any CPU
		{A8BD9B5A-9393-474C-8B8F-07EAD53882E7}.Debug|Any CPU.ActiveCfg = Debug|Any CPU
		{A8BD9B5A-9393-474C-8B8F-07EAD53882E7}.Debug|Any CPU.Build.0 = Debug|Any CPU
		{A8BD9B5A-9393-474C-8B8F-07EAD53882E7}.Release|Any CPU.ActiveCfg = Release|Any CPU
		{A8BD9B5A-9393-474C-8B8F-07EAD53882E7}.Release|Any CPU.Build.0 = Release|Any CPU
	EndGlobalSection
	GlobalSection(SolutionProperties) = preSolution
		HideSolutionNode = FALSE
	EndGlobalSection
	GlobalSection(ExtensibilityGlobals) = postSolution
		SolutionGuid = {BC4BE23C-6A38-439D-BB8E-0DE831E73F23}
	EndGlobalSection
EndGlobal
